
Microsoft Visual Studio Solution File, Format Version 12.00
# Visual Studio Version 17
VisualStudioVersion = 17.3.32901.215
MinimumVisualStudioVersion = 10.0.40219.1
Project("{FAE04EC0-301F-11D3-BF4B-00C04F79EFBC}") = "CoffeeShopManagement", "CoffeeShopManagement\CoffeeShopManagement.csproj", "{716F3A59-C2D8-41A8-BA4C-8DE29CE97E38}"
EndProject
Global
	GlobalSection(SolutionConfigurationPlatforms) = preSolution
		Debug|Any CPU = Debug|Any CPU
		Release|Any CPU = Release|Any CPU
	EndGlobalSection
	GlobalSection(ProjectConfigurationPlatforms) = postSolution
		{716F3A59-C2D8-41A8-BA4C-8DE29CE97E38}.Debug|Any CPU.ActiveCfg = Debug|Any CPU
		{716F3A59-C2D8-41A8-BA4C-8DE29CE97E38}.Debug|Any CPU.Build.0 = Debug|Any CPU
		{716F3A59-C2D8-41A8-BA4C-8DE29CE97E38}.Release|Any CPU.ActiveCfg = Release|Any CPU
		{716F3A59-C2D8-41A8-BA4C-8DE29CE97E38}.Release|Any CPU.Build.0 = Release|Any CPU
	EndGlobalSection
	GlobalSection(SolutionProperties) = preSolution
		HideSolutionNode = FALSE
	EndGlobalSection
	GlobalSection(ExtensibilityGlobals) = postSolution
		SolutionGuid = {D739EA0E-D4CE-43C1-AC77-EEC56C194650}
	EndGlobalSection
EndGlobal
